
Microsoft Visual Studio Solution File, Format Version 12.00
# Visual Studio Version 17
VisualStudioVersion = 17.4.33213.308
MinimumVisualStudioVersion = 10.0.40219.1
Project("{FAE04EC0-301F-11D3-BF4B-00C04F79EFBC}") = "ArchConsole", "ArchConsole\ArchConsole.csproj", "{5527C96F-3DCA-47EC-BCC7-08D71CA29A1B}"
EndProject
Global
	GlobalSection(SolutionConfigurationPlatforms) = preSolution
		Debug|Any CPU = Debug|Any CPU
		Release|Any CPU = Release|Any CPU
	EndGlobalSection
	GlobalSection(ProjectConfigurationPlatforms) = postSolution
		{5527C96F-3DCA-47EC-BCC7-08D71CA29A1B}.Debug|Any CPU.ActiveCfg = Debug|Any CPU
		{5527C96F-3DCA-47EC-BCC7-08D71CA29A1B}.Debug|Any CPU.Build.0 = Debug|Any CPU
		{5527C96F-3DCA-47EC-BCC7-08D71CA29A1B}.Release|Any CPU.ActiveCfg = Release|Any CPU
		{5527C96F-3DCA-47EC-BCC7-08D71CA29A1B}.Release|Any CPU.Build.0 = Release|Any CPU
	EndGlobalSection
	GlobalSection(SolutionProperties) = preSolution
		HideSolutionNode = FALSE
	EndGlobalSection
	GlobalSection(ExtensibilityGlobals) = postSolution
		SolutionGuid = {7F19503E-2369-41D0-80E3-1D3311816C0E}
	EndGlobalSection
EndGlobal
